github.com/cockroachdb/cockroach-go v2.0.1+incompatible h1:rkk9T7FViadPOz28xQ68o18jBSpyShru0mayVumxqYA=
github.com/cockroachdb/cockroach-go v2.0.1+incompatible/go.mod h1:XGLbWH/ujMcbPbhZq52Nv6UrCghb1yGn//133kEsvDk=
github.com/davecgh/go-spew v1.1.0 h1:ZDRjVQ15GmhC3fiQ8ni8+OwkZQO4DARzQgrnXU1Liz8=
github.com/davecgh/go-spew v1.1.0/go.mod h1:J7Y8YcW2NihsgmVo/mv3lAwl/skON4iLHjSsI+c5H38=
github.com/go-sql-driver/mysql v1.5.0 h1:ozyZYNQW3x3HtqT1jira07DN2PArx2v7/mN66gGcHOs=
github.com/go-sql-driver/mysql v1.5.0/go.mod h1:DCzpHaOWr8IXmIStZouvnhqoel9Qv2LBy8hT2VhHyBg=
github.com/lib/pq v1.3.0 h1:/qkRGz8zljWiDcFvgpwUpwIAPu3r07TDvs3Rws+o/pU=
github.com/lib/pq v1.3.0/go.mod h1:5WUZQaWbwv1U+lTReE5YruASi9Al49XbQIvNi/34Woo=
github.com/lib/pq v1.8.0 h1:9xohqzkUwzR4Ga4ivdTcawVS89YSDVxXMa3xJX3cGzg=
github.com/lib/pq v1.8.0/go.mod h1:AlVN5x4E4T544tWzH6hKfbfQvm3HdbOxrmggDNAPY9o=
github.com/pmezard/go-difflib v1.0.0 h1:4DBwDE0NGyQoBHbLQYPwSUPoCMWR5BEzIk/f1lZbAQM=
github.com/pmezard/go-difflib v1.0.0/go.mod h1:iKH77koFhYxTK1pcRnkKkqfTogsbg7gZNVY4sRDYZ/4=
github.com/stretchr/objx v0.1.0/go.mod h1:HFkY916IF+rwdDfMAkV7OtwuqBVzrE8GR6GFx+wExME=
github.com/stretchr/testify v1.5.1 h1:nOGnQDM7FYENwehXlg/kFVnos3rEvtKTjRvOWSzb6H4=
github.com/stretchr/testify v1.5.1/go.mod h1:5W2xD1RspED5o8YsWQXVCued0rvSQ+mT+I5cxcmMvtA=
github.com/theckman/go-flock v0.8.0 h1:h0ssvtvRY44GJyWJW9cZhahYVVnLVaAhlB8H/4TOt5c=
github.com/theckman/go-flock v0.8.0/go.mod h1:kjuth3y9VJ2aNlkNEO99G/8lp9fMIKaGyBmh84IBheM=
github.com/xo/dburl v0.0.0-20200910011426-652e0d5720a3 h1:WchQs0yWhP3iA3CFE57fmCltE5dx5FkbUZOJZBjEtJ8=
github.com/xo/dburl v0.0.0-20200910011426-652e0d5720a3/go.mod h1:TM8VMBT+LWqC3MBOulZjb8FAthcvZq0t/qvDLwS6skU=
golang.org/x/sys v0.0.0-20201007082116-8445cc04cbdf h1:AvBTl0xbF/KtHyvm61X4gSPF7/dKJ/xQqJwKr1Qu9no=
golang.org/x/sys v0.0.0-20201007082116-8445cc04cbdf/go.mod h1:h1NjWce9XRLGQEsW7wpKNCjG9DtNlClVuFLEZdDNbEs=
gopkg.in/check.v1 v0.0.0-20161208181325-20d25e280405/go.mod h1:Co6ibVJAznAaIkqp8huTwlJQCZ016jof/cbN4VW5Yz0=
gopkg.in/yaml.v2 v2.2.2 h1:ZCJp+EgiOT7lHqUV2J862kp8Qj64Jo6az82+3Td9dZw=
gopkg.in/yaml.v2 v2.2.2/go.mod h1:hI93XBmqTisBFMUTm0b8Fm+jr3Dg1NNxqwp+5A1VGuI=
